
Microsoft Visual Studio Solution File, Format Version 12.00
Project("{FAE04EC0-301F-11D3-BF4B-00C04F79EFBC}") = "CloudSharp.Api", "src\CloudSharp.Api\CloudSharp.Api.csproj", "{EE1919EB-5AC8-48EC-B593-A42B6D0BCA8D}"
EndProject
Project("{FAE04EC0-301F-11D3-BF4B-00C04F79EFBC}") = "CloudSharp.Infrastructure", "src\CloudSharp.Infrastructure\CloudSharp.Infrastructure.csproj", "{09A1D3C7-2775-4A0E-AFE7-08DB027A09E7}"
EndProject
Project("{FAE04EC0-301F-11D3-BF4B-00C04F79EFBC}") = "CloudSharp.Core", "src\CloudSharp.Core\CloudSharp.Core.csproj", "{4DC26F5F-5AE0-41F0-B3DD-61910955C7E5}"
EndProject
Project("{2150E333-8FDC-42A3-9474-1A3956D46DE8}") = "tests", "tests", "{0AB3BF05-4346-4AA6-1389-037BE0695223}"
EndProject
Project("{FAE04EC0-301F-11D3-BF4B-00C04F79EFBC}") = "CloudSharp.Core.Tests", "tests\CloudSharp.Core.Tests\CloudSharp.Core.Tests.csproj", "{18146D99-7C1A-4F9E-A455-D58943D6BEBB}"
EndProject
Project("{2150E333-8FDC-42A3-9474-1A3956D46DE8}") = "src", "src", "{827E0CD3-B72D-47B6-A68D-7590B98EB39B}"
EndProject
Project("{FAE04EC0-301F-11D3-BF4B-00C04F79EFBC}") = "CloudSharp.Infrastructure.Tests", "tests\CloudSharp.Infrastructure.Tests\CloudSharp.Infrastructure.Tests.csproj", "{F3BB0714-56DA-4F40-8DA9-C5F7C2061B3B}"
EndProject
Project("{FAE04EC0-301F-11D3-BF4B-00C04F79EFBC}") = "CloudSharp.Api.IntegrationTests", "tests\CloudSharp.Api.IntegrationTests\CloudSharp.Api.IntegrationTests.csproj", "{2B4E3D21-F0DC-4152-B401-D330CF259BCC}"
EndProject
Project("{2150E333-8FDC-42A3-9474-1A3956D46DE8}") = "TestSupport", "TestSupport", "{F8C4FC72-7D00-5567-E81E-D71D31055620}"
EndProject
Project("{FAE04EC0-301F-11D3-BF4B-00C04F79EFBC}") = "CloudSharp.TestSupport", "tests\TestSupport\CloudSharp.TestSupport.csproj", "{2C7483DD-A8D7-43E5-94D8-D2206D5C5114}"
EndProject
Project("{FAE04EC0-301F-11D3-BF4B-00C04F79EFBC}") = "CloudSharp.Worker.IntegrationTests", "tests\CloudSharp.Worker.IntegrationTests\CloudSharp.Worker.IntegrationTests.csproj", "{7DD21FF3-6F35-4BE0-A16A-011F987EC964}"
EndProject
Project("{FAE04EC0-301F-11D3-BF4B-00C04F79EFBC}") = "CloudSharp.Architecture.Tests", "tests\CloudSharp.Architecture.Tests\CloudSharp.Architecture.Tests.csproj", "{0B43178E-06EE-43B8-955C-D6BE7D8FD0EA}"
EndProject
Project("{FAE04EC0-301F-11D3-BF4B-00C04F79EFBC}") = "CloudSharp.Api.Tests", "tests\CloudSharp.Api.Tests\CloudSharp.Api.Tests.csproj", "{56FA78C0-3FD1-4482-9DA3-C21B9D51359A}"
EndProject
Global
	GlobalSection(SolutionConfigurationPlatforms) = preSolution
		Debug|Any CPU = Debug|Any CPU
		Debug|x64 = Debug|x64
		Debug|x86 = Debug|x86
		Release|Any CPU = Release|Any CPU
		Release|x64 = Release|x64
		Release|x86 = Release|x86
	EndGlobalSection
	GlobalSection(ProjectConfigurationPlatforms) = postSolution
		{EE1919EB-5AC8-48EC-B593-A42B6D0BCA8D}.Debug|Any CPU.ActiveCfg = Debug|Any CPU
		{EE1919EB-5AC8-48EC-B593-A42B6D0BCA8D}.Debug|Any CPU.Build.0 = Debug|Any CPU
		{EE1919EB-5AC8-48EC-B593-A42B6D0BCA8D}.Debug|x64.ActiveCfg = Debug|Any CPU
		{EE1919EB-5AC8-48EC-B593-A42B6D0BCA8D}.Debug|x64.Build.0 = Debug|Any CPU
		{EE1919EB-5AC8-48EC-B593-A42B6D0BCA8D}.Debug|x86.ActiveCfg = Debug|Any CPU
		{EE1919EB-5AC8-48EC-B593-A42B6D0BCA8D}.Debug|x86.Build.0 = Debug|Any CPU
		{EE1919EB-5AC8-48EC-B593-A42B6D0BCA8D}.Release|Any CPU.ActiveCfg = Release|Any CPU
		{EE1919EB-5AC8-48EC-B593-A42B6D0BCA8D}.Release|Any CPU.Build.0 = Release|Any CPU
		{EE1919EB-5AC8-48EC-B593-A42B6D0BCA8D}.Release|x64.ActiveCfg = Release|Any CPU
		{EE1919EB-5AC8-48EC-B593-A42B6D0BCA8D}.Release|x64.Build.0 = Release|Any CPU
		{EE1919EB-5AC8-48EC-B593-A42B6D0BCA8D}.Release|x86.ActiveCfg = Release|Any CPU
		{EE1919EB-5AC8-48EC-B593-A42B6D0BCA8D}.Release|x86.Build.0 = Release|Any CPU
		{09A1D3C7-2775-4A0E-AFE7-08DB027A09E7}.Debug|Any CPU.ActiveCfg = Debug|Any CPU
		{09A1D3C7-2775-4A0E-AFE7-08DB027A09E7}.Debug|Any CPU.Build.0 = Debug|Any CPU
		{09A1D3C7-2775-4A0E-AFE7-08DB027A09E7}.Debug|x64.ActiveCfg = Debug|Any CPU
		{09A1D3C7-2775-4A0E-AFE7-08DB027A09E7}.Debug|x64.Build.0 = Debug|Any CPU
		{09A1D3C7-2775-4A0E-AFE7-08DB027A09E7}.Debug|x86.ActiveCfg = Debug|Any CPU
		{09A1D3C7-2775-4A0E-AFE7-08DB027A09E7}.Debug|x86.Build.0 = Debug|Any CPU
		{09A1D3C7-2775-4A0E-AFE7-08DB027A09E7}.Release|Any CPU.ActiveCfg = Release|Any CPU
		{09A1D3C7-2775-4A0E-AFE7-08DB027A09E7}.Release|Any CPU.Build.0 = Release|Any CPU
		{09A1D3C7-2775-4A0E-AFE7-08DB027A09E7}.Release|x64.ActiveCfg = Release|Any CPU
		{09A1D3C7-2775-4A0E-AFE7-08DB027A09E7}.Release|x64.Build.0 = Release|Any CPU
		{09A1D3C7-2775-4A0E-AFE7-08DB027A09E7}.Release|x86.ActiveCfg = Release|Any CPU
		{09A1D3C7-2775-4A0E-AFE7-08DB027A09E7}.Release|x86.Build.0 = Release|Any CPU
		{4DC26F5F-5AE0-41F0-B3DD-61910955C7E5}.Debug|Any CPU.ActiveCfg = Debug|Any CPU
		{4DC26F5F-5AE0-41F0-B3DD-61910955C7E5}.Debug|Any CPU.Build.0 = Debug|Any CPU
		{4DC26F5F-5AE0-41F0-B3DD-61910955C7E5}.Debug|x64.ActiveCfg = Debug|Any CPU
		{4DC26F5F-5AE0-41F0-B3DD-61910955C7E5}.Debug|x64.Build.0 = Debug|Any CPU
		{4DC26F5F-5AE0-41F0-B3DD-61910955C7E5}.Debug|x86.ActiveCfg = Debug|Any CPU
		{4DC26F5F-5AE0-41F0-B3DD-61910955C7E5}.Debug|x86.Build.0 = Debug|Any CPU
		{4DC26F5F-5AE0-41F0-B3DD-61910955C7E5}.Release|Any CPU.ActiveCfg = Release|Any CPU
		{4DC26F5F-5AE0-41F0-B3DD-61910955C7E5}.Release|Any CPU.Build.0 = Release|Any CPU
		{4DC26F5F-5AE0-41F0-B3DD-61910955C7E5}.Release|x64.ActiveCfg = Release|Any CPU
		{4DC26F5F-5AE0-41F0-B3DD-61910955C7E5}.Release|x64.Build.0 = Release|Any CPU
		{4DC26F5F-5AE0-41F0-B3DD-61910955C7E5}.Release|x86.ActiveCfg = Release|Any CPU
		{4DC26F5F-5AE0-41F0-B3DD-61910955C7E5}.Release|x86.Build.0 = Release|Any CPU
		{18146D99-7C1A-4F9E-A455-D58943D6BEBB}.Debug|Any CPU.ActiveCfg = Debug|Any CPU
		{18146D99-7C1A-4F9E-A455-D58943D6BEBB}.Debug|Any CPU.Build.0 = Debug|Any CPU
		{18146D99-7C1A-4F9E-A455-D58943D6BEBB}.Debug|x64.ActiveCfg = Debug|Any CPU
		{18146D99-7C1A-4F9E-A455-D58943D6BEBB}.Debug|x64.Build.0 = Debug|Any CPU
		{18146D99-7C1A-4F9E-A455-D58943D6BEBB}.Debug|x86.ActiveCfg = Debug|Any CPU
		{18146D99-7C1A-4F9E-A455-D58943D6BEBB}.Debug|x86.Build.0 = Debug|Any CPU
		{18146D99-7C1A-4F9E-A455-D58943D6BEBB}.Release|Any CPU.ActiveCfg = Release|Any CPU
		{18146D99-7C1A-4F9E-A455-D58943D6BEBB}.Release|Any CPU.Build.0 = Release|Any CPU
		{18146D99-7C1A-4F9E-A455-D58943D6BEBB}.Release|x64.ActiveCfg = Release|Any CPU
		{18146D99-7C1A-4F9E-A455-D58943D6BEBB}.Release|x64.Build.0 = Release|Any CPU
		{18146D99-7C1A-4F9E-A455-D58943D6BEBB}.Release|x86.ActiveCfg = Release|Any CPU
		{18146D99-7C1A-4F9E-A455-D58943D6BEBB}.Release|x86.Build.0 = Release|Any CPU
		{F3BB0714-56DA-4F40-8DA9-C5F7C2061B3B}.Debug|Any CPU.ActiveCfg = Debug|Any CPU
		{F3BB0714-56DA-4F40-8DA9-C5F7C2061B3B}.Debug|Any CPU.Build.0 = Debug|Any CPU
		{F3BB0714-56DA-4F40-8DA9-C5F7C2061B3B}.Debug|x64.ActiveCfg = Debug|Any CPU
		{F3BB0714-56DA-4F40-8DA9-C5F7C2061B3B}.Debug|x64.Build.0 = Debug|Any CPU
		{F3BB0714-56DA-4F40-8DA9-C5F7C2061B3B}.Debug|x86.ActiveCfg = Debug|Any CPU
		{F3BB0714-56DA-4F40-8DA9-C5F7C2061B3B}.Debug|x86.Build.0 = Debug|Any CPU
		{F3BB0714-56DA-4F40-8DA9-C5F7C2061B3B}.Release|Any CPU.ActiveCfg = Release|Any CPU
		{F3BB0714-56DA-4F40-8DA9-C5F7C2061B3B}.Release|Any CPU.Build.0 = Release|Any CPU
		{F3BB0714-56DA-4F40-8DA9-C5F7C2061B3B}.Release|x64.ActiveCfg = Release|Any CPU
		{F3BB0714-56DA-4F40-8DA9-C5F7C2061B3B}.Release|x64.Build.0 = Release|Any CPU
		{F3BB0714-56DA-4F40-8DA9-C5F7C2061B3B}.Release|x86.ActiveCfg = Release|Any CPU
		{F3BB0714-56DA-4F40-8DA9-C5F7C2061B3B}.Release|x86.Build.0 = Release|Any CPU
		{2B4E3D21-F0DC-4152-B401-D330CF259BCC}.Debug|Any CPU.ActiveCfg = Debug|Any CPU
		{2B4E3D21-F0DC-4152-B401-D330CF259BCC}.Debug|Any CPU.Build.0 = Debug|Any CPU
		{2B4E3D21-F0DC-4152-B401-D330CF259BCC}.Debug|x64.ActiveCfg = Debug|Any CPU
		{2B4E3D21-F0DC-4152-B401-D330CF259BCC}.Debug|x64.Build.0 = Debug|Any CPU
		{2B4E3D21-F0DC-4152-B401-D330CF259BCC}.Debug|x86.ActiveCfg = Debug|Any CPU
		{2B4E3D21-F0DC-4152-B401-D330CF259BCC}.Debug|x86.Build.0 = Debug|Any CPU
		{2B4E3D21-F0DC-4152-B401-D330CF259BCC}.Release|Any CPU.ActiveCfg = Release|Any CPU
		{2B4E3D21-F0DC-4152-B401-D330CF259BCC}.Release|Any CPU.Build.0 = Release|Any CPU
		{2B4E3D21-F0DC-4152-B401-D330CF259BCC}.Release|x64.ActiveCfg = Release|Any CPU
		{2B4E3D21-F0DC-4152-B401-D330CF259BCC}.Release|x64.Build.0 = Release|Any CPU
		{2B4E3D21-F0DC-4152-B401-D330CF259BCC}.Release|x86.ActiveCfg = Release|Any CPU
		{2B4E3D21-F0DC-4152-B401-D330CF259BCC}.Release|x86.Build.0 = Release|Any CPU
		{2C7483DD-A8D7-43E5-94D8-D2206D5C5114}.Debug|Any CPU.ActiveCfg = Debug|Any CPU
		{2C7483DD-A8D7-43E5-94D8-D2206D5C5114}.Debug|Any CPU.Build.0 = Debug|Any CPU
		{2C7483DD-A8D7-43E5-94D8-D2206D5C5114}.Debug|x64.ActiveCfg = Debug|Any CPU
		{2C7483DD-A8D7-43E5-94D8-D2206D5C5114}.Debug|x64.Build.0 = Debug|Any CPU
		{2C7483DD-A8D7-43E5-94D8-D2206D5C5114}.Debug|x86.ActiveCfg = Debug|Any CPU
		{2C7483DD-A8D7-43E5-94D8-D2206D5C5114}.Debug|x86.Build.0 = Debug|Any CPU
		{2C7483DD-A8D7-43E5-94D8-D2206D5C5114}.Release|Any CPU.ActiveCfg = Release|Any CPU
		{2C7483DD-A8D7-43E5-94D8-D2206D5C5114}.Release|Any CPU.Build.0 = Release|Any CPU
		{2C7483DD-A8D7-43E5-94D8-D2206D5C5114}.Release|x64.ActiveCfg = Release|Any CPU
		{2C7483DD-A8D7-43E5-94D8-D2206D5C5114}.Release|x64.Build.0 = Release|Any CPU
		{2C7483DD-A8D7-43E5-94D8-D2206D5C5114}.Release|x86.ActiveCfg = Release|Any CPU
		{2C7483DD-A8D7-43E5-94D8-D2206D5C5114}.Release|x86.Build.0 = Release|Any CPU
		{7DD21FF3-6F35-4BE0-A16A-011F987EC964}.Debug|Any CPU.ActiveCfg = Debug|Any CPU
		{7DD21FF3-6F35-4BE0-A16A-011F987EC964}.Debug|Any CPU.Build.0 = Debug|Any CPU
		{7DD21FF3-6F35-4BE0-A16A-011F987EC964}.Debug|x64.ActiveCfg = Debug|Any CPU
		{7DD21FF3-6F35-4BE0-A16A-011F987EC964}.Debug|x64.Build.0 = Debug|Any CPU
		{7DD21FF3-6F35-4BE0-A16A-011F987EC964}.Debug|x86.ActiveCfg = Debug|Any CPU
		{7DD21FF3-6F35-4BE0-A16A-011F987EC964}.Debug|x86.Build.0 = Debug|Any CPU
		{7DD21FF3-6F35-4BE0-A16A-011F987EC964}.Release|Any CPU.ActiveCfg = Release|Any CPU
		{7DD21FF3-6F35-4BE0-A16A-011F987EC964}.Release|Any CPU.Build.0 = Release|Any CPU
		{7DD21FF3-6F35-4BE0-A16A-011F987EC964}.Release|x64.ActiveCfg = Release|Any CPU
		{7DD21FF3-6F35-4BE0-A16A-011F987EC964}.Release|x64.Build.0 = Release|Any CPU
		{7DD21FF3-6F35-4BE0-A16A-011F987EC964}.Release|x86.ActiveCfg = Release|Any CPU
		{7DD21FF3-6F35-4BE0-A16A-011F987EC964}.Release|x86.Build.0 = Release|Any CPU
		{0B43178E-06EE-43B8-955C-D6BE7D8FD0EA}.Debug|Any CPU.ActiveCfg = Debug|Any CPU
		{0B43178E-06EE-43B8-955C-D6BE7D8FD0EA}.Debug|Any CPU.Build.0 = Debug|Any CPU
		{0B43178E-06EE-43B8-955C-D6BE7D8FD0EA}.Debug|x64.ActiveCfg = Debug|Any CPU
		{0B43178E-06EE-43B8-955C-D6BE7D8FD0EA}.Debug|x64.Build.0 = Debug|Any CPU
		{0B43178E-06EE-43B8-955C-D6BE7D8FD0EA}.Debug|x86.ActiveCfg = Debug|Any CPU
		{0B43178E-06EE-43B8-955C-D6BE7D8FD0EA}.Debug|x86.Build.0 = Debug|Any CPU
		{0B43178E-06EE-43B8-955C-D6BE7D8FD0EA}.Release|Any CPU.ActiveCfg = Release|Any CPU
		{0B43178E-06EE-43B8-955C-D6BE7D8FD0EA}.Release|Any CPU.Build.0 = Release|Any CPU
		{0B43178E-06EE-43B8-955C-D6BE7D8FD0EA}.Release|x64.ActiveCfg = Release|Any CPU
		{0B43178E-06EE-43B8-955C-D6BE7D8FD0EA}.Release|x64.Build.0 = Release|Any CPU
		{0B43178E-06EE-43B8-955C-D6BE7D8FD0EA}.Release|x86.ActiveCfg = Release|Any CPU
		{0B43178E-06EE-43B8-955C-D6BE7D8FD0EA}.Release|x86.Build.0 = Release|Any CPU
		{56FA78C0-3FD1-4482-9DA3-C21B9D51359A}.Debug|Any CPU.ActiveCfg = Debug|Any CPU
		{56FA78C0-3FD1-4482-9DA3-C21B9D51359A}.Debug|Any CPU.Build.0 = Debug|Any CPU
		{56FA78C0-3FD1-4482-9DA3-C21B9D51359A}.Debug|x64.ActiveCfg = Debug|Any CPU
		{56FA78C0-3FD1-4482-9DA3-C21B9D51359A}.Debug|x64.Build.0 = Debug|Any CPU
		{56FA78C0-3FD1-4482-9DA3-C21B9D51359A}.Debug|x86.ActiveCfg = Debug|Any CPU
		{56FA78C0-3FD1-4482-9DA3-C21B9D51359A}.Debug|x86.Build.0 = Debug|Any CPU
		{56FA78C0-3FD1-4482-9DA3-C21B9D51359A}.Release|Any CPU.ActiveCfg = Release|Any CPU
		{56FA78C0-3FD1-4482-9DA3-C21B9D51359A}.Release|Any CPU.Build.0 = Release|Any CPU
		{56FA78C0-3FD1-4482-9DA3-C21B9D51359A}.Release|x64.ActiveCfg = Release|Any CPU
		{56FA78C0-3FD1-4482-9DA3-C21B9D51359A}.Release|x64.Build.0 = Release|Any CPU
		{56FA78C0-3FD1-4482-9DA3-C21B9D51359A}.Release|x86.ActiveCfg = Release|Any CPU
		{56FA78C0-3FD1-4482-9DA3-C21B9D51359A}.Release|x86.Build.0 = Release|Any CPU
	EndGlobalSection
	GlobalSection(SolutionProperties) = preSolution
		HideSolutionNode = FALSE
	EndGlobalSection
	GlobalSection(NestedProjects) = preSolution
		{EE1919EB-5AC8-48EC-B593-A42B6D0BCA8D} = {827E0CD3-B72D-47B6-A68D-7590B98EB39B}
		{09A1D3C7-2775-4A0E-AFE7-08DB027A09E7} = {827E0CD3-B72D-47B6-A68D-7590B98EB39B}
		{4DC26F5F-5AE0-41F0-B3DD-61910955C7E5} = {827E0CD3-B72D-47B6-A68D-7590B98EB39B}
		{18146D99-7C1A-4F9E-A455-D58943D6BEBB} = {0AB3BF05-4346-4AA6-1389-037BE0695223}
		{F3BB0714-56DA-4F40-8DA9-C5F7C2061B3B} = {0AB3BF05-4346-4AA6-1389-037BE0695223}
		{2B4E3D21-F0DC-4152-B401-D330CF259BCC} = {0AB3BF05-4346-4AA6-1389-037BE0695223}
		{F8C4FC72-7D00-5567-E81E-D71D31055620} = {0AB3BF05-4346-4AA6-1389-037BE0695223}
		{2C7483DD-A8D7-43E5-94D8-D2206D5C5114} = {F8C4FC72-7D00-5567-E81E-D71D31055620}
		{7DD21FF3-6F35-4BE0-A16A-011F987EC964} = {0AB3BF05-4346-4AA6-1389-037BE0695223}
		{0B43178E-06EE-43B8-955C-D6BE7D8FD0EA} = {0AB3BF05-4346-4AA6-1389-037BE0695223}
		{56FA78C0-3FD1-4482-9DA3-C21B9D51359A} = {0AB3BF05-4346-4AA6-1389-037BE0695223}
	EndGlobalSection
EndGlobal
